// !$*UTF8*$!
{
	archiveVersion = 1;
	classes = {
	};
	objectVersion = 46;
	objects = {

/* Begin PBXBuildFile section */
		EF1A5F2B1CC720EC00A680EB /* AppDelegate.swift in Sources */ = {isa = PBXBuildFile; fileRef = EF1A5F2A1CC720EC00A680EB /* AppDelegate.swift */; };
		EF1A5F2D1CC720EC00A680EB /* ViewController.swift in Sources */ = {isa = PBXBuildFile; fileRef = EF1A5F2C1CC720EC00A680EB /* ViewController.swift */; };
		EF1A5F301CC720ED00A680EB /* Main.storyboard in Resources */ = {isa = PBXBuildFile; fileRef = EF1A5F2E1CC720ED00A680EB /* Main.storyboard */; };
		EF1A5F321CC720ED00A680EB /* Assets.xcassets in Resources */ = {isa = PBXBuildFile; fileRef = EF1A5F311CC720ED00A680EB /* Assets.xcassets */; };
		EF1A5F351CC720ED00A680EB /* LaunchScreen.storyboard in Resources */ = {isa = PBXBuildFile; fileRef = EF1A5F331CC720ED00A680EB /* LaunchScreen.storyboard */; };
		EF1A5F401CC720ED00A680EB /* Magic8BallTests.swift in Sources */ = {isa = PBXBuildFile; fileRef = EF1A5F3F1CC720ED00A680EB /* Magic8BallTests.swift */; };
		EF1A5F4B1CC720ED00A680EB /* Magic8BallUITests.swift in Sources */ = {isa = PBXBuildFile; fileRef = EF1A5F4A1CC720ED00A680EB /* Magic8BallUITests.swift */; };
/* End PBXBuildFile section */

/* Begin PBXContainerItemProxy section */
		EF1A5F3C1CC720ED00A680EB /* PBXContainerItemProxy */ = {
			isa = PBXContainerItemProxy;
			containerPortal = EF1A5F1F1CC720EB00A680EB /* Project object */;
			proxyType = 1;
			remoteGlobalIDString = EF1A5F261CC720EC00A680EB;
			remoteInfo = Magic8Ball;
		};
		EF1A5F471CC720ED00A680EB /* PBXContainerItemProxy */ = {
			isa = PBXContainerItemProxy;
			containerPortal = EF1A5F1F1CC720EB00A680EB /* Project object */;
			proxyType = 1;
			remoteGlobalIDString = EF1A5F261CC720EC00A680EB;
			remoteInfo = Magic8Ball;
		};
/* End PBXContainerItemProxy section */

/* Begin PBXFileReference section */
		EF1A5F271CC720EC00A680EB /* Magic8Ball.app */ = {isa = PBXFileReference; explicitFileType = wrapper.application; includeInIndex = 0; path = Magic8Ball.app; sourceTree = BUILT_PRODUCTS_DIR; };
		EF1A5F2A1CC720EC00A680EB /* AppDelegate.swift */ = {isa = PBXFileReference; lastKnownFileType = sourcecode.swift; path = AppDelegate.swift; sourceTree = "<group>"; };
		EF1A5F2C1CC720EC00A680EB /* ViewController.swift */ = {isa = PBXFileReference; lastKnownFileType = sourcecode.swift; path = ViewController.swift; sourceTree = "<group>"; };
		EF1A5F2F1CC720ED00A680EB /* Base */ = {isa = PBXFileReference; lastKnownFileType = file.storyboard; name = Base; path = Base.lproj/Main.storyboard; sourceTree = "<group>"; };
		EF1A5F311CC720ED00A680EB /* Assets.xcassets */ = {isa = PBXFileReference; lastKnownFileType = folder.assetcatalog; path = Assets.xcassets; sourceTree = "<group>"; };
		EF1A5F341CC720ED00A680EB /* Base */ = {isa = PBXFileReference; lastKnownFileType = file.storyboard; name = Base; path = Base.lproj/LaunchScreen.storyboard; sourceTree = "<group>"; };
		EF1A5F361CC720ED00A680EB /* Info.plist */ = {isa = PBXFileReference; lastKnownFileType = text.plist.xml; path = Info.plist; sourceTree = "<group>"; };
		EF1A5F3B1CC720ED00A680EB /* Magic8BallTests.xctest */ = {isa = PBXFileReference; explicitFileType = wrapper.cfbundle; includeInIndex = 0; path = Magic8BallTests.xctest; sourceTree = BUILT_PRODUCTS_DIR; };
		EF1A5F3F1CC720ED00A680EB /* Magic8BallTests.swift */ = {isa = PBXFileReference; lastKnownFileType = sourcecode.swift; path = Magic8BallTests.swift; sourceTree = "<group>"; };
		EF1A5F411CC720ED00A680EB /* Info.plist */ = {isa = PBXFileReference; lastKnownFileType = text.plist.xml; path = Info.plist; sourceTree = "<group>"; };
		EF1A5F461CC720ED00A680EB /* Magic8BallUITests.xctest */ = {isa = PBXFileReference; explicitFileType = wrapper.cfbundle; includeInIndex = 0; path = Magic8BallUITests.xctest; sourceTree = BUILT_PRODUCTS_DIR; };
		EF1A5F4A1CC720ED00A680EB /* Magic8BallUITests.swift */ = {isa = PBXFileReference; lastKnownFileType = sourcecode.swift; path = Magic8BallUITests.swift; sourceTree = "<group>"; };
		EF1A5F4C1CC720ED00A680EB /* Info.plist */ = {isa = PBXFileReference; lastKnownFileType = text.plist.xml; path = Info.plist; sourceTree = "<group>"; };
/* End PBXFileReference section */

/* Begin PBXFrameworksBuildPhase section */
		EF1A5F241CC720EC00A680EB /* Frameworks */ = {
			isa = PBXFrameworksBuildPhase;
			buildActionMask = 2147483647;
			files = (
			);
			runOnlyForDeploymentPostprocessing = 0;
		};
		EF1A5F381CC720ED00A680EB /* Frameworks */ = {
			isa = PBXFrameworksBuildPhase;
			buildActionMask = 2147483647;
			files = (
			);
			runOnlyForDeploymentPostprocessing = 0;
		};
		EF1A5F431CC720ED00A680EB /* Frameworks */ = {
			isa = PBXFrameworksBuildPhase;
			buildActionMask = 2147483647;
			files = (
			);
			runOnlyForDeploymentPostprocessing = 0;
		};
/* End PBXFrameworksBuildPhase section */

/* Begin PBXGroup section */
		EF1A5F1E1CC720EB00A680EB = {
			isa = PBXGroup;
			children = (
				EF1A5F291CC720EC00A680EB /* Magic8Ball */,
				EF1A5F3E1CC720ED00A680EB /* Magic8BallTests */,
				EF1A5F491CC720ED00A680EB /* Magic8BallUITests */,
				EF1A5F281CC720EC00A680EB /* Products */,
			);
			sourceTree = "<group>";
		};
		EF1A5F281CC720EC00A680EB /* Products */ = {
			isa = PBXGroup;
			children = (
				EF1A5F271CC720EC00A680EB /* Magic8Ball.app */,
				EF1A5F3B1CC720ED00A680EB /* Magic8BallTests.xctest */,
				EF1A5F461CC720ED00A680EB /* Magic8BallUITests.xctest */,
			);
			name = Products;
			sourceTree = "<group>";
		};
		EF1A5F291CC720EC00A680EB /* Magic8Ball */ = {
			isa = PBXGroup;
			children = (
				EF1A5F2A1CC720EC00A680EB /* AppDelegate.swift */,
				EF1A5F2C1CC720EC00A680EB /* ViewController.swift */,
				EF1A5F2E1CC720ED00A680EB /* Main.storyboard */,
				EF1A5F311CC720ED00A680EB /* Assets.xcassets */,
				EF1A5F331CC720ED00A680EB /* LaunchScreen.storyboard */,
				EF1A5F361CC720ED00A680EB /* Info.plist */,
			);
			path = Magic8Ball;
			sourceTree = "<group>";
		};
		EF1A5F3E1CC720ED00A680EB /* Magic8BallTests */ = {
			isa = PBXGroup;
			children = (
				EF1A5F3F1CC720ED00A680EB /* Magic8BallTests.swift */,
				EF1A5F411CC720ED00A680EB /* Info.plist */,
			);
			path = Magic8BallTests;
			sourceTree = "<group>";
		};
		EF1A5F491CC720ED00A680EB /* Magic8BallUITests */ = {
			isa = PBXGroup;
			children = (
				EF1A5F4A1CC720ED00A680EB /* Magic8BallUITests.swift */,
				EF1A5F4C1CC720ED00A680EB /* Info.plist */,
			);
			path = Magic8BallUITests;
			sourceTree = "<group>";
		};
/* End PBXGroup section */

/* Begin PBXNativeTarget section */
		EF1A5F261CC720EC00A680EB /* Magic8Ball */ = {
			isa = PBXNativeTarget;
			buildConfigurationList = EF1A5F4F1CC720ED00A680EB /* Build configuration list for PBXNativeTarget "Magic8Ball" */;
			buildPhases = (
				EF1A5F231CC720EC00A680EB /* Sources */,
				EF1A5F241CC720EC00A680EB /* Frameworks */,
				EF1A5F251CC720EC00A680EB /* Resources */,
			);
			buildRules = (
			);
			dependencies = (
			);
			name = Magic8Ball;
			productName = Magic8Ball;
			productReference = EF1A5F271CC720EC00A680EB /* Magic8Ball.app */;
			productType = "com.apple.product-type.application";
		};
		EF1A5F3A1CC720ED00A680EB /* Magic8BallTests */ = {
			isa = PBXNativeTarget;
			buildConfigurationList = EF1A5F521CC720ED00A680EB /* Build configuration list for PBXNativeTarget "Magic8BallTests" */;
			buildPhases = (
				EF1A5F371CC720ED00A680EB /* Sources */,
				EF1A5F381CC720ED00A680EB /* Frameworks */,
				EF1A5F391CC720ED00A680EB /* Resources */,
			);
			buildRules = (
			);
			dependencies = (
				EF1A5F3D1CC720ED00A680EB /* PBXTargetDependency */,
			);
			name = Magic8BallTests;
			productName = Magic8BallTests;
			productReference = EF1A5F3B1CC720ED00A680EB /* Magic8BallTests.xctest */;
			productType = "com.apple.product-type.bundle.unit-test";
		};
		EF1A5F451CC720ED00A680EB /* Magic8BallUITests */ = {
			isa = PBXNativeTarget;
			buildConfigurationList = EF1A5F551CC720ED00A680EB /* Build configuration list for PBXNativeTarget "Magic8BallUITests" */;
			buildPhases = (
				EF1A5F421CC720ED00A680EB /* Sources */,
				EF1A5F431CC720ED00A680EB /* Frameworks */,
				EF1A5F441CC720ED00A680EB /* Resources */,
			);
			buildRules = (
			);
			dependencies = (
				EF1A5F481CC720ED00A680EB /* PBXTargetDependency */,
			);
			name = Magic8BallUITests;
			productName = Magic8BallUITests;
			productReference = EF1A5F461CC720ED00A680EB /* Magic8BallUITests.xctest */;
			productType = "com.apple.product-type.bundle.ui-testing";
		};
/* End PBXNativeTarget section */

/* Begin PBXProject section */
		EF1A5F1F1CC720EB00A680EB /* Project object */ = {
			isa = PBXProject;
			attributes = {
				LastSwiftUpdateCheck = 0730;
				LastUpgradeCheck = 0730;
				ORGANIZATIONNAME = "Ovidiu Bortas";
				TargetAttributes = {
					EF1A5F261CC720EC00A680EB = {
						CreatedOnToolsVersion = 7.3;
					};
					EF1A5F3A1CC720ED00A680EB = {
						CreatedOnToolsVersion = 7.3;
						TestTargetID = EF1A5F261CC720EC00A680EB;
					};
					EF1A5F451CC720ED00A680EB = {
						CreatedOnToolsVersion = 7.3;
						TestTargetID = EF1A5F261CC720EC00A680EB;
					};
				};
			};
			buildConfigurationList = EF1A5F221CC720EB00A680EB /* Build configuration list for PBXProject "Magic8Ball" */;
			compatibilityVersion = "Xcode 3.2";
			developmentRegion = English;
			hasScannedForEncodings = 0;
			knownRegions = (
				en,
				Base,
			);
			mainGroup = EF1A5F1E1CC720EB00A680EB;
			productRefGroup = EF1A5F281CC720EC00A680EB /* Products */;
			projectDirPath = "";
			projectRoot = "";
			targets = (
				EF1A5F261CC720EC00A680EB /* Magic8Ball */,
				EF1A5F3A1CC720ED00A680EB /* Magic8BallTests */,
				EF1A5F451CC720ED00A680EB /* Magic8BallUITests */,
			);
		};
/* End PBXProject section */

/* Begin PBXResourcesBuildPhase section */
		EF1A5F251CC720EC00A680EB /* Resources */ = {
			isa = PBXResourcesBuildPhase;
			buildActionMask = 2147483647;
			files = (
				EF1A5F351CC720ED00A680EB /* LaunchScreen.storyboard in Resources */,
				EF1A5F321CC720ED00A680EB /* Assets.xcassets in Resources */,
				EF1A5F301CC720ED00A680EB /* Main.storyboard in Resources */,
			);
			runOnlyForDeploymentPostprocessing = 0;
		};
		EF1A5F391CC720ED00A680EB /* Resources */ = {
			isa = PBXResourcesBuildPhase;
			buildActionMask = 2147483647;
			files = (
			);
			runOnlyForDeploymentPostprocessing = 0;
		};
		EF1A5F441CC720ED00A680EB /* Resources */ = {
			isa = PBXResourcesBuildPhase;
			buildActionMask = 2147483647;
			files = (
			);
			runOnlyForDeploymentPostprocessing = 0;
		};
/* End PBXResourcesBuildPhase section */

/* Begin PBXSourcesBuildPhase section */
		EF1A5F231CC720EC00A680EB /* Sources */ = {
			isa = PBXSourcesBuildPhase;
			buildActionMask = 2147483647;
			files = (
				EF1A5F2D1CC720EC00A680EB /* ViewController.swift in Sources */,
				EF1A5F2B1CC720EC00A680EB /* AppDelegate.swift in Sources */,
			);
			runOnlyForDeploymentPostprocessing = 0;
		};
		EF1A5F371CC720ED00A680EB /* Sources */ = {
			isa = PBXSourcesBuildPhase;
			buildActionMask = 2147483647;
			files = (
				EF1A5F401CC720ED00A680EB /* Magic8BallTests.swift in Sources */,
			);
			runOnlyForDeploymentPostprocessing = 0;
		};
		EF1A5F421CC720ED00A680EB /* Sources */ = {
			isa = PBXSourcesBuildPhase;
			buildActionMask = 2147483647;
			files = (
				EF1A5F4B1CC720ED00A680EB /* Magic8BallUITests.swift in Sources */,
			);
			runOnlyForDeploymentPostprocessing = 0;
		};
/* End PBXSourcesBuildPhase section */

/* Begin PBXTargetDependency section */
		EF1A5F3D1CC720ED00A680EB /* PBXTargetDependency */ = {
			isa = PBXTargetDependency;
			target = EF1A5F261CC720EC00A680EB /* Magic8Ball */;
			targetProxy = EF1A5F3C1CC720ED00A680EB /* PBXContainerItemProxy */;
		};
		EF1A5F481CC720ED00A680EB /* PBXTargetDependency */ = {
			isa = PBXTargetDependency;
			target = EF1A5F261CC720EC00A680EB /* Magic8Ball */;
			targetProxy = EF1A5F471CC720ED00A680EB /* PBXContainerItemProxy */;
		};
/* End PBXTargetDependency section */

/* Begin PBXVariantGroup section */
		EF1A5F2E1CC720ED00A680EB /* Main.storyboard */ = {
			isa = PBXVariantGroup;
			children = (
				EF1A5F2F1CC720ED00A680EB /* Base */,
			);
			name = Main.storyboard;
			sourceTree = "<group>";
		};
		EF1A5F331CC720ED00A680EB /* LaunchScreen.storyboard */ = {
			isa = PBXVariantGroup;
			children = (
				EF1A5F341CC720ED00A680EB /* Base */,
			);
			name = LaunchScreen.storyboard;
			sourceTree = "<group>";
		};
/* End PBXVariantGroup section */

/* Begin XCBuildConfiguration section */
		EF1A5F4D1CC720ED00A680EB /* Debug */ = {
			isa = XCBuildConfiguration;
			buildSettings = {
				ALWAYS_SEARCH_USER_PATHS = NO;
				CLANG_ANALYZER_NONNULL = YES;
				CLANG_CXX_LANGUAGE_STANDARD = "gnu++0x";
				CLANG_CXX_LIBRARY = "libc++";
				CLANG_ENABLE_MODULES = YES;
				CLANG_ENABLE_OBJC_ARC = YES;
				CLANG_WARN_BOOL_CONVERSION = YES;
				CLANG_WARN_CONSTANT_CONVERSION = YES;
				CLANG_WARN_DIRECT_OBJC_ISA_USAGE = YES_ERROR;
				CLANG_WARN_EMPTY_BODY = YES;
				CLANG_WARN_ENUM_CONVERSION = YES;
				CLANG_WARN_INT_CONVERSION = YES;
				CLANG_WARN_OBJC_ROOT_CLASS = YES_ERROR;
				CLANG_WARN_UNREACHABLE_CODE = YES;
				CLANG_WARN__DUPLICATE_METHOD_MATCH = YES;
				"CODE_SIGN_IDENTITY[sdk=iphoneos*]" = "iPhone Developer";
				COPY_PHASE_STRIP = NO;
				DEBUG_INFORMATION_FORMAT = dwarf;
				ENABLE_STRICT_OBJC_MSGSEND = YES;
				ENABLE_TESTABILITY = YES;
				GCC_C_LANGUAGE_STANDARD = gnu99;
				GCC_DYNAMIC_NO_PIC = NO;
				GCC_NO_COMMON_BLOCKS = YES;
				GCC_OPTIMIZATION_LEVEL = 0;
				GCC_PREPROCESSOR_DEFINITIONS = (
					"DEBUG=1",
					"$(inherited)",
				);
				GCC_WARN_64_TO_32_BIT_CONVERSION = YES;
				GCC_WARN_ABOUT_RETURN_TYPE = YES_ERROR;
				GCC_WARN_UNDECLARED_SELECTOR = YES;
				GCC_WARN_UNINITIALIZED_AUTOS = YES_AGGRESSIVE;
				GCC_WARN_UNUSED_FUNCTION = YES;
				GCC_WARN_UNUSED_VARIABLE = YES;
				IPHONEOS_DEPLOYMENT_TARGET = 9.3;
				MTL_ENABLE_DEBUG_INFO = YES;
				ONLY_ACTIVE_ARCH = YES;
				SDKROOT = iphoneos;
				SWIFT_OPTIMIZATION_LEVEL = "-Onone";
				TARGETED_DEVICE_FAMILY = "1,2";
			};
			name = Debug;
		};
		EF1A5F4E1CC720ED00A680EB /* Release */ = {
			isa = XCBuildConfiguration;
			buildSettings = {
				ALWAYS_SEARCH_USER_PATHS = NO;
				CLANG_ANALYZER_NONNULL = YES;
				CLANG_CXX_LANGUAGE_STANDARD = "gnu++0x";
				CLANG_CXX_LIBRARY = "libc++";
				CLANG_ENABLE_MODULES = YES;
				CLANG_ENABLE_OBJC_ARC = YES;
				CLANG_WARN_BOOL_CONVERSION = YES;
				CLANG_WARN_CONSTANT_CONVERSION = YES;
				CLANG_WARN_DIRECT_OBJC_ISA_USAGE = YES_ERROR;
				CLANG_WARN_EMPTY_BODY = YES;
				CLANG_WARN_ENUM_CONVERSION = YES;
				CLANG_WARN_INT_CONVERSION = YES;
				CLANG_WARN_OBJC_ROOT_CLASS = YES_ERROR;
				CLANG_WARN_UNREACHABLE_CODE = YES;
				CLANG_WARN__DUPLICATE_METHOD_MATCH = YES;
				"CODE_SIGN_IDENTITY[sdk=iphoneos*]" = "iPhone Developer";
				COPY_PHASE_STRIP = NO;
				DEBUG_INFORMATION_FORMAT = "dwarf-with-dsym";
				ENABLE_NS_ASSERTIONS = NO;
				ENABLE_STRICT_OBJC_MSGSEND = YES;
				GCC_C_LANGUAGE_STANDARD = gnu99;
				GCC_NO_COMMON_BLOCKS = YES;
				GCC_WARN_64_TO_32_BIT_CONVERSION = YES;
				GCC_WARN_ABOUT_RETURN_TYPE = YES_ERROR;
				GCC_WARN_UNDECLARED_SELECTOR = YES;
				GCC_WARN_UNINITIALIZED_AUTOS = YES_AGGRESSIVE;
				GCC_WARN_UNUSED_FUNCTION = YES;
				GCC_WARN_UNUSED_VARIABLE = YES;
				IPHONEOS_DEPLOYMENT_TARGET = 9.3;
				MTL_ENABLE_DEBUG_INFO = NO;
				SDKROOT = iphoneos;
				TARGETED_DEVICE_FAMILY = "1,2";
				VALIDATE_PRODUCT = YES;
			};
			name = Release;
		};
		EF1A5F501CC720ED00A680EB /* Debug */ = {
			isa = XCBuildConfiguration;
			buildSettings = {
				ASSETCATALOG_COMPILER_APPICON_NAME = AppIcon;
				INFOPLIST_FILE = Magic8Ball/Info.plist;
				LD_RUNPATH_SEARCH_PATHS = "$(inherited) @executable_path/Frameworks";
				PRODUCT_BUNDLE_IDENTIFIER = BortasOvi.Magic8Ball;
				PRODUCT_NAME = "$(TARGET_NAME)";
			};
			name = Debug;
		};
		EF1A5F511CC720ED00A680EB /* Release */ = {
			isa = XCBuildConfiguration;
			buildSettings = {
				ASSETCATALOG_COMPILER_APPICON_NAME = AppIcon;
				INFOPLIST_FILE = Magic8Ball/Info.plist;
				LD_RUNPATH_SEARCH_PATHS = "$(inherited) @executable_path/Frameworks";
				PRODUCT_BUNDLE_IDENTIFIER = BortasOvi.Magic8Ball;
				PRODUCT_NAME = "$(TARGET_NAME)";
			};
			name = Release;
		};
		EF1A5F531CC720ED00A680EB /* Debug */ = {
			isa = XCBuildConfiguration;
			buildSettings = {
				BUNDLE_LOADER = "$(TEST_HOST)";
				INFOPLIST_FILE = Magic8BallTests/Info.plist;
				LD_RUNPATH_SEARCH_PATHS = "$(inherited) @executable_path/Frameworks @loader_path/Frameworks";
				PRODUCT_BUNDLE_IDENTIFIER = BortasOvi.Magic8BallTests;
				PRODUCT_NAME = "$(TARGET_NAME)";
				TEST_HOST = "$(BUILT_PRODUCTS_DIR)/Magic8Ball.app/Magic8Ball";
			};
			name = Debug;
		};
		EF1A5F541CC720ED00A680EB /* Release */ = {
			isa = XCBuildConfiguration;
			buildSettings = {
				BUNDLE_LOADER = "$(TEST_HOST)";
				INFOPLIST_FILE = Magic8BallTests/Info.plist;
				LD_RUNPATH_SEARCH_PATHS = "$(inherited) @executable_path/Frameworks @loader_path/Frameworks";
				PRODUCT_BUNDLE_IDENTIFIER = BortasOvi.Magic8BallTests;
				PRODUCT_NAME = "$(TARGET_NAME)";
				TEST_HOST = "$(BUILT_PRODUCTS_DIR)/Magic8Ball.app/Magic8Ball";
			};
			name = Release;
		};
		EF1A5F561CC720ED00A680EB /* Debug */ = {
			isa = XCBuildConfiguration;
			buildSettings = {
				INFOPLIST_FILE = Magic8BallUITests/Info.plist;
				LD_RUNPATH_SEARCH_PATHS = "$(inherited) @executable_path/Frameworks @loader_path/Frameworks";
				PRODUCT_BUNDLE_IDENTIFIER = BortasOvi.Magic8BallUITests;
				PRODUCT_NAME = "$(TARGET_NAME)";
				TEST_TARGET_NAME = Magic8Ball;
			};
			name = Debug;
		};
		EF1A5F571CC720ED00A680EB /* Release */ = {
			isa = XCBuildConfiguration;
			buildSettings = {
				INFOPLIST_FILE = Magic8BallUITests/Info.plist;
				LD_RUNPATH_SEARCH_PATHS = "$(inherited) @executable_path/Frameworks @loader_path/Frameworks";
				PRODUCT_BUNDLE_IDENTIFIER = BortasOvi.Magic8BallUITests;
				PRODUCT_NAME = "$(TARGET_NAME)";
				TEST_TARGET_NAME = Magic8Ball;
			};
			name = Release;
		};
/* End XCBuildConfiguration section */

/* Begin XCConfigurationList section */
		EF1A5F221CC720EB00A680EB /* Build configuration list for PBXProject "Magic8Ball" */ = {
			isa = XCConfigurationList;
			buildConfigurations = (
				EF1A5F4D1CC720ED00A680EB /* Debug */,
				EF1A5F4E1CC720ED00A680EB /* Release */,
			);
			defaultConfigurationIsVisible = 0;
			defaultConfigurationName = Release;
		};
		EF1A5F4F1CC720ED00A680EB /* Build configuration list for PBXNativeTarget "Magic8Ball" */ = {
			isa = XCConfigurationList;
			buildConfigurations = (
				EF1A5F501CC720ED00A680EB /* Debug */,
				EF1A5F511CC720ED00A680EB /* Release */,
			);
			defaultConfigurationIsVisible = 0;
		};
		EF1A5F521CC720ED00A680EB /* Build configuration list for PBXNativeTarget "Magic8BallTests" */ = {
			isa = XCConfigurationList;
			buildConfigurations = (
				EF1A5F531CC720ED00A680EB /* Debug */,
				EF1A5F541CC720ED00A680EB /* Release */,
			);
			defaultConfigurationIsVisible = 0;
		};
		EF1A5F551CC720ED00A680EB /* Build configuration list for PBXNativeTarget "Magic8BallUITests" */ = {
			isa = XCConfigurationList;
			buildConfigurations = (
				EF1A5F561CC720ED00A680EB /* Debug */,
				EF1A5F571CC720ED00A680EB /* Release */,
			);
			defaultConfigurationIsVisible = 0;
		};
/* End XCConfigurationList section */
	};
	rootObject = EF1A5F1F1CC720EB00A680EB /* Project object */;
}
